
Microsoft Visual Studio Solution File, Format Version 12.00
# Visual Studio Version 17
VisualStudioVersion = 17.9.34728.123
MinimumVisualStudioVersion = 10.0.40219.1
Project("{FAE04EC0-301F-11D3-BF4B-00C04F79EFBC}") = "PokemonReviewApp", "PokemonReviewApp\PokemonReviewApp.csproj", "{CBB994EF-03C3-415C-88BA-F05DC5E5948F}"
EndProject
Global
	GlobalSection(SolutionConfigurationPlatforms) = preSolution
		Debug|Any CPU = Debug|Any CPU
		Release|Any CPU = Release|Any CPU
	EndGlobalSection
	GlobalSection(ProjectConfigurationPlatforms) = postSolution
		{CBB994EF-03C3-415C-88BA-F05DC5E5948F}.Debug|Any CPU.ActiveCfg = Debug|Any CPU
		{CBB994EF-03C3-415C-88BA-F05DC5E5948F}.Debug|Any CPU.Build.0 = Debug|Any CPU
		{CBB994EF-03C3-415C-88BA-F05DC5E5948F}.Release|Any CPU.ActiveCfg = Release|Any CPU
		{CBB994EF-03C3-415C-88BA-F05DC5E5948F}.Release|Any CPU.Build.0 = Release|Any CPU
	EndGlobalSection
	GlobalSection(SolutionProperties) = preSolution
		HideSolutionNode = FALSE
	EndGlobalSection
	GlobalSection(ExtensibilityGlobals) = postSolution
		SolutionGuid = {6DBC12B3-FF05-441F-834B-EC427228C8BE}
	EndGlobalSection
EndGlobal
